
Microsoft Visual Studio Solution File, Format Version 12.00
# Visual Studio Version 16
VisualStudioVersion = 16.0.32228.343
MinimumVisualStudioVersion = 10.0.40219.1
Project("{FAE04EC0-301F-11D3-BF4B-00C04F79EFBC}") = "PlatziEscuela", "PlatziEscuela\PlatziEscuela.csproj", "{2C1974DF-AEF3-4735-8AAE-5640BA3F3A46}"
EndProject
Global
	GlobalSection(SolutionConfigurationPlatforms) = preSolution
		Debug|Any CPU = Debug|Any CPU
		Release|Any CPU = Release|Any CPU
	EndGlobalSection
	GlobalSection(ProjectConfigurationPlatforms) = postSolution
		{2C1974DF-AEF3-4735-8AAE-5640BA3F3A46}.Debug|Any CPU.ActiveCfg = Debug|Any CPU
		{2C1974DF-AEF3-4735-8AAE-5640BA3F3A46}.Debug|Any CPU.Build.0 = Debug|Any CPU
		{2C1974DF-AEF3-4735-8AAE-5640BA3F3A46}.Release|Any CPU.ActiveCfg = Release|Any CPU
		{2C1974DF-AEF3-4735-8AAE-5640BA3F3A46}.Release|Any CPU.Build.0 = Release|Any CPU
	EndGlobalSection
	GlobalSection(SolutionProperties) = preSolution
		HideSolutionNode = FALSE
	EndGlobalSection
	GlobalSection(ExtensibilityGlobals) = postSolution
		SolutionGuid = {F48B63AC-A47A-4822-8992-32D3658641CE}
	EndGlobalSection
EndGlobal
